PODS:
  - device_info (0.0.1):
    - Flutter
  - Flutter (1.0.0)
  - nstack_sdk (0.0.1):
    - Flutter
  - package_info (0.0.1):
    - Flutter
  - shared_preferences (0.0.1):
    - Flutter

DEPENDENCIES:
  - device_info (from `.symlinks/plugins/device_info/ios`)
  - Flutter (from `Flutter`)
  - nstack_sdk (from `.symlinks/plugins/nstack_sdk/ios`)
  - package_info (from `.symlinks/plugins/package_info/ios`)
  - shared_preferences (from `.symlinks/plugins/shared_preferences/ios`)

EXTERNAL SOURCES:
  device_info:
    :path: ".symlinks/plugins/device_info/ios"
  Flutter:
    :path: Flutter
  nstack_sdk:
    :path: ".symlinks/plugins/nstack_sdk/ios"
  package_info:
    :path: ".symlinks/plugins/package_info/ios"
  shared_preferences:
    :path: ".symlinks/plugins/shared_preferences/ios"

SPEC CHECKSUMS:
  device_info: d7d233b645a32c40dfdc212de5cf646ca482f175
  Flutter: 434fef37c0980e73bb6479ef766c45957d4b510c
  nstack_sdk: bb5b57b424dce1e901e6cd6f100b6ce07121846e
  package_info: 873975fc26034f0b863a300ad47e7f1ac6c7ec62
  shared_preferences: af6bfa751691cdc24be3045c43ec037377ada40d

PODFILE CHECKSUM: aafe91acc616949ddb318b77800a7f51bffa2a4c

COCOAPODS: 1.10.1
