# Generated by pub
# See https://dart.dev/tools/pub/glossary#lockfile
packages:
  _fe_analyzer_shared:
    dependency: transitive
    description:
      name: _fe_analyzer_shared
      sha256: "4826f97faae3af9761f26c52e56b2aa5ffd18d2c1721d984ad85137721c25f43"
      url: "https://pub.dev"
    source: hosted
    version: "31.0.0"
  analyzer:
    dependency: transitive
    description:
      name: analyzer
      sha256: "7337610c3f9cd13e6b7c6bb0f410644091cf63c9a1436e73352a70f3286abb03"
      url: "https://pub.dev"
    source: hosted
    version: "2.8.0"
  args:
    dependency: transitive
    description:
      name: args
      sha256: "3d82ff8620ec576fd38f6cec0df45a7c088b8704eb1c63d4c336392e5efca6ca"
      url: "https://pub.dev"
    source: hosted
    version: "2.2.0"
  async:
    dependency: transitive
    description:
      name: async
      sha256: e21a2193873e85591cdf0c9a4059139adacc87391d8330774d3f67076863015c
      url: "https://pub.dev"
    source: hosted
    version: "2.6.1"
  build:
    dependency: "direct main"
    description:
      name: build
      sha256: ad0a562140603cf3dd77f0bdd068ffc11588661e3de7ba53c803e72382a1b3a2
      url: "https://pub.dev"
    source: hosted
    version: "2.1.0"
  build_config:
    dependency: "direct main"
    description:
      name: build_config
      sha256: ad77deb6e9c143a3f550fbb4c5c1e0c6aadabe24274898d06b9526c61b9cf4fb
      url: "https://pub.dev"
    source: hosted
    version: "1.0.0"
  characters:
    dependency: transitive
    description:
      name: characters
      sha256: "04a925763edad70e8443c99234dc3328f442e811f1d8fd1a72f1c8ad0f69a605"
      url: "https://pub.dev"
    source: hosted
    version: "1.3.0"
  charcode:
    dependency: transitive
    description:
      name: charcode
      sha256: "8e36feea6de5ea69f2199f29cf42a450a855738c498b57c0b980e2d3cca9c362"
      url: "https://pub.dev"
    source: hosted
    version: "1.2.0"
  checked_yaml:
    dependency: transitive
    description:
      name: checked_yaml
      sha256: dd007e4fb8270916820a0d66e24f619266b60773cddd082c6439341645af2659
      url: "https://pub.dev"
    source: hosted
    version: "2.0.1"
  cli_util:
    dependency: transitive
    description:
      name: cli_util
      sha256: cd9cfe046f8b4d87f45abce8f14ec315a4eaedcf92a211e83fa080faf9ec7c1c
      url: "https://pub.dev"
    source: hosted
    version: "0.3.3"
  collection:
    dependency: "direct main"
    description:
      name: collection
      sha256: f092b211a4319e98e5ff58223576de6c2803db36221657b46c82574721240687
      url: "https://pub.dev"
    source: hosted
    version: "1.17.2"
  convert:
    dependency: transitive
    description:
      name: convert
      sha256: f08428ad63615f96a27e34221c65e1a451439b5f26030f78d790f461c686d65d
      url: "https://pub.dev"
    source: hosted
    version: "3.0.1"
  crypto:
    dependency: transitive
    description:
      name: crypto
      sha256: cf75650c66c0316274e21d7c43d3dea246273af5955bd94e8184837cd577575c
      url: "https://pub.dev"
    source: hosted
    version: "3.0.1"
  dart_style:
    dependency: "direct main"
    description:
      name: dart_style
      sha256: "4e65f1921774e1126bd4d7cbc8f866b5fc166346b87d42d0c4ca2b874b153b56"
      url: "https://pub.dev"
    source: hosted
    version: "2.0.3"
  ffi:
    dependency: transitive
    description:
      name: ffi
      sha256: "35d0f481d939de0d640b3db9a7aa36a52cd22054a798a73b4f50bdad5ce12678"
      url: "https://pub.dev"
    source: hosted
    version: "1.1.2"
  file:
    dependency: transitive
    description:
      name: file
      sha256: b69516f2c26a5bcac4eee2e32512e1a5205ab312b3536c1c1227b2b942b5f9ad
      url: "https://pub.dev"
    source: hosted
    version: "6.1.2"
  flutter:
    dependency: "direct main"
    description: flutter
    source: sdk
    version: "0.0.0"
  flutter_web_plugins:
    dependency: transitive
    description: flutter
    source: sdk
    version: "0.0.0"
  glob:
    dependency: transitive
    description:
      name: glob
      sha256: dda85ce2aefce16f7e75586acbcb1e8320bf176f69fd94082e31945d6de67f3e
      url: "https://pub.dev"
    source: hosted
    version: "2.0.1"
  http:
    dependency: "direct main"
    description:
      name: http
      sha256: b6f1f143a71e1fe1b34670f1acd6f13960ade2557c96b87e127e0cf661969791
      url: "https://pub.dev"
    source: hosted
    version: "0.13.3"
  http_parser:
    dependency: transitive
    description:
      name: http_parser
      sha256: e362d639ba3bc07d5a71faebb98cde68c05bfbcfbbb444b60b6f60bb67719185
      url: "https://pub.dev"
    source: hosted
    version: "4.0.0"
  json_annotation:
    dependency: transitive
    description:
      name: json_annotation
      sha256: fd56fb29e3f02cd9bef80e99e9491d27889fb010f98ff3379b21e7d40d0112b3
      url: "https://pub.dev"
    source: hosted
    version: "4.0.1"
  logging:
    dependency: transitive
    description:
      name: logging
      sha256: "0520a4826042a8a5d09ddd4755623a50d37ee536d79a70452aff8c8ad7bb6c27"
      url: "https://pub.dev"
    source: hosted
    version: "1.0.1"
  material_color_utilities:
    dependency: transitive
    description:
      name: material_color_utilities
      sha256: "9528f2f296073ff54cb9fee677df673ace1218163c3bc7628093e7eed5203d41"
      url: "https://pub.dev"
    source: hosted
    version: "0.5.0"
  meta:
    dependency: transitive
    description:
      name: meta
      sha256: "3c74dbf8763d36539f114c799d8a2d87343b5067e9d796ca22b5eb8437090ee3"
      url: "https://pub.dev"
    source: hosted
    version: "1.9.1"
  package_config:
    dependency: transitive
    description:
      name: package_config
      sha256: "20e7154d701fedaeb219dad732815ecb66677667871127998a9a6581c2aba4ba"
      url: "https://pub.dev"
    source: hosted
    version: "2.0.0"
  package_info:
    dependency: "direct main"
    description:
      name: package_info
      sha256: "6c07d9d82c69e16afeeeeb6866fe43985a20b3b50df243091bfc4a4ad2b03b75"
      url: "https://pub.dev"
    source: hosted
    version: "2.0.2"
  path:
    dependency: transitive
    description:
      name: path
      sha256: "2ad4cddff7f5cc0e2d13069f2a3f7a73ca18f66abd6f5ecf215219cdb3638edb"
      url: "https://pub.dev"
    source: hosted
    version: "1.8.0"
  path_provider_linux:
    dependency: transitive
    description:
      name: path_provider_linux
      sha256: f8d4b3ba360fb5d3517b1dcbb8695d242a8ab4cf6483b46b961c2257da948c93
      url: "https://pub.dev"
    source: hosted
    version: "2.0.2"
  path_provider_platform_interface:
    dependency: transitive
    description:
      name: path_provider_platform_interface
      sha256: c2af5a8a6369992d915f8933dfc23172071001359d17896e83db8be57db8a397
      url: "https://pub.dev"
    source: hosted
    version: "2.0.1"
  path_provider_windows:
    dependency: transitive
    description:
      name: path_provider_windows
      sha256: "067e20d6d356f05a75eb9d563c2c0dcbb1889053e72dc2c53187668ac39da511"
      url: "https://pub.dev"
    source: hosted
    version: "2.0.3"
  pedantic:
    dependency: transitive
    description:
      name: pedantic
      sha256: "67fc27ed9639506c856c840ccce7594d0bdcd91bc8d53d6e52359449a1d50602"
      url: "https://pub.dev"
    source: hosted
    version: "1.11.1"
  petitparser:
    dependency: transitive
    description:
      name: petitparser
      sha256: eeb2d1428ee7f4170e2bd498827296a18d4e7fc462b71727d111c0ac7707cfa6
      url: "https://pub.dev"
    source: hosted
    version: "6.0.1"
  platform:
    dependency: transitive
    description:
      name: platform
      sha256: "4a8c298d9ac37f18a1116f7be2aa86c3eaea5913586c5afbb905429dd79efa84"
      url: "https://pub.dev"
    source: hosted
    version: "3.0.2"
  plugin_platform_interface:
    dependency: transitive
    description:
      name: plugin_platform_interface
      sha256: "5aadc2af7cd403ad0b95ef654c3e628517f4cae9682b4229a66caf9df71844d2"
      url: "https://pub.dev"
    source: hosted
    version: "2.0.1"
  process:
    dependency: transitive
    description:
      name: process
      sha256: ca157bb5ee3a2dce23ac17bac6d5e54c9d7d1b693f560b606a84aacd2f3c54f8
      url: "https://pub.dev"
    source: hosted
    version: "4.2.3"
  pub_semver:
    dependency: transitive
    description:
      name: pub_semver
      sha256: "59ed538734419e81f7fc18c98249ae72c3c7188bdd9dceff2840585227f79843"
      url: "https://pub.dev"
    source: hosted
    version: "2.0.0"
  pubspec_parse:
    dependency: transitive
    description:
      name: pubspec_parse
      sha256: "358c5ce09744e0e08b3f5f38c53d7d26a8219dd641718f8500f49cfa56240358"
      url: "https://pub.dev"
    source: hosted
    version: "1.0.0"
  recase:
    dependency: transitive
    description:
      name: recase
      sha256: e4eb4ec2dcdee52dcf99cb4ceabaffc631d7424ee55e56f280bc039737f89213
      url: "https://pub.dev"
    source: hosted
    version: "4.1.0"
  shared_preferences:
    dependency: "direct main"
    description:
      name: shared_preferences
      sha256: "5b89f6ef98635545fd5aebb1d294dce9cecea69bdb4cdea1adb1b188907dee99"
      url: "https://pub.dev"
    source: hosted
    version: "2.0.7"
  shared_preferences_linux:
    dependency: transitive
    description:
      name: shared_preferences_linux
      sha256: eb83ed07829baf0e95bf75a3a39e1797df75246982e18533eb85a5bd52d52be0
      url: "https://pub.dev"
    source: hosted
    version: "2.0.2"
  shared_preferences_macos:
    dependency: transitive
    description:
      name: shared_preferences_macos
      sha256: d8c36fedba519cba905d30833b818cde3d52d4e9c7438da4664bd523468bb93f
      url: "https://pub.dev"
    source: hosted
    version: "2.0.2"
  shared_preferences_platform_interface:
    dependency: transitive
    description:
      name: shared_preferences_platform_interface
      sha256: "992f0fdc46d0a3c0ac2e5859f2de0e577bbe51f78a77ee8f357cbe626a2ad32d"
      url: "https://pub.dev"
    source: hosted
    version: "2.0.0"
  shared_preferences_web:
    dependency: transitive
    description:
      name: shared_preferences_web
      sha256: ed98e2d4cf610e023975ff8b59d05d7fdf2d3ea038273c9dfb0cbc29094c93f2
      url: "https://pub.dev"
    source: hosted
    version: "2.0.2"
  shared_preferences_windows:
    dependency: transitive
    description:
      name: shared_preferences_windows
      sha256: "0822d9daf48259a1a24a582c6be9c5aa7eff100e74d1948414ee9ae829832df3"
      url: "https://pub.dev"
    source: hosted
    version: "2.0.2"
  sky_engine:
    dependency: transitive
    description: flutter
    source: sdk
    version: "0.0.99"
  source_span:
    dependency: transitive
    description:
      name: source_span
      sha256: d5f89a9e52b36240a80282b3dc0667dd36e53459717bb17b8fb102d30496606a
      url: "https://pub.dev"
    source: hosted
    version: "1.8.1"
  string_scanner:
    dependency: transitive
    description:
      name: string_scanner
      sha256: dd11571b8a03f7cadcf91ec26a77e02bfbd6bbba2a512924d3116646b4198fc4
      url: "https://pub.dev"
    source: hosted
    version: "1.1.0"
  template_engine:
    dependency: "direct main"
    description:
      name: template_engine
      sha256: "62d97c43fae793dc26ad6dd0c8ffb21d2caf48affcdaa2251b33a7ccc973ae64"
      url: "https://pub.dev"
    source: hosted
    version: "1.0.1"
  term_glyph:
    dependency: transitive
    description:
      name: term_glyph
      sha256: a88162591b02c1f3a3db3af8ce1ea2b374bd75a7bb8d5e353bcfbdc79d719830
      url: "https://pub.dev"
    source: hosted
    version: "1.2.0"
  typed_data:
    dependency: transitive
    description:
      name: typed_data
      sha256: "53bdf7e979cfbf3e28987552fd72f637e63f3c8724c9e56d9246942dc2fa36ee"
      url: "https://pub.dev"
    source: hosted
    version: "1.3.0"
  uuid:
    dependency: "direct main"
    description:
      name: uuid
      sha256: "0ea20bfc625477e17f08a92d112272a071609b275ce4ca10ad853e1426ca3758"
      url: "https://pub.dev"
    source: hosted
    version: "3.0.4"
  vector_math:
    dependency: transitive
    description:
      name: vector_math
      sha256: "80b3257d1492ce4d091729e3a67a60407d227c27241d6927be0130c98e741803"
      url: "https://pub.dev"
    source: hosted
    version: "2.1.4"
  watcher:
    dependency: transitive
    description:
      name: watcher
      sha256: "68173f2fa67d241323a4123be7ed4e43424c54befa5505d71c8ad4b7baf8f71d"
      url: "https://pub.dev"
    source: hosted
    version: "1.0.0"
  web:
    dependency: transitive
    description:
      name: web
      sha256: dc8ccd225a2005c1be616fe02951e2e342092edf968cf0844220383757ef8f10
      url: "https://pub.dev"
    source: hosted
    version: "0.1.4-beta"
  win32:
    dependency: transitive
    description:
      name: win32
      sha256: "58e293c8f694209e1833a1b442a71203312a19b9ad27624d754b4cda5ba83497"
      url: "https://pub.dev"
    source: hosted
    version: "2.2.8"
  xdg_directories:
    dependency: transitive
    description:
      name: xdg_directories
      sha256: "0186b3f2d66be9a12b0295bddcf8b6f8c0b0cc2f85c6287344e2a6366bc28457"
      url: "https://pub.dev"
    source: hosted
    version: "0.2.0"
  yaml:
    dependency: transitive
    description:
      name: yaml
      sha256: "3cee79b1715110341012d27756d9bae38e650588acd38d3f3c610822e1337ace"
      url: "https://pub.dev"
    source: hosted
    version: "3.1.0"
sdks:
  dart: ">=3.1.0-185.0.dev <4.0.0"
  flutter: ">=2.0.0"
